
Microsoft Visual Studio Solution File, Format Version 12.00
# Visual Studio Version 17
VisualStudioVersion = 17.1.32328.378
MinimumVisualStudioVersion = 10.0.40219.1
Project("{FAE04EC0-301F-11D3-BF4B-00C04F79EFBC}") = "Banding.Web", "Banding.Web\Banding.Web.csproj", "{6A9D69CA-C8B7-4C58-BB88-16ED699D0DCC}"
EndProject
Project("{FAE04EC0-301F-11D3-BF4B-00C04F79EFBC}") = "Banding.Core", "Banding.Core\Banding.Core.csproj", "{BE521F42-861F-4EF8-8D26-1DD604C7B4FD}"
EndProject
Project("{FAE04EC0-301F-11D3-BF4B-00C04F79EFBC}") = "Banding.Repository", "Banding.Repository\Banding.Repository.csproj", "{22BD5CF1-F41C-458D-A75C-1F10912C23CA}"
EndProject
Project("{FAE04EC0-301F-11D3-BF4B-00C04F79EFBC}") = "Banding.Service", "Banding.Service\Banding.Service.csproj", "{DBE14212-CC26-4CE2-B62F-CA7468BFF762}"
EndProject
Global
	GlobalSection(SolutionConfigurationPlatforms) = preSolution
		Debug|Any CPU = Debug|Any CPU
		Release|Any CPU = Release|Any CPU
	EndGlobalSection
	GlobalSection(ProjectConfigurationPlatforms) = postSolution
		{6A9D69CA-C8B7-4C58-BB88-16ED699D0DCC}.Debug|Any CPU.ActiveCfg = Debug|Any CPU
		{6A9D69CA-C8B7-4C58-BB88-16ED699D0DCC}.Debug|Any CPU.Build.0 = Debug|Any CPU
		{6A9D69CA-C8B7-4C58-BB88-16ED699D0DCC}.Release|Any CPU.ActiveCfg = Release|Any CPU
		{6A9D69CA-C8B7-4C58-BB88-16ED699D0DCC}.Release|Any CPU.Build.0 = Release|Any CPU
		{BE521F42-861F-4EF8-8D26-1DD604C7B4FD}.Debug|Any CPU.ActiveCfg = Debug|Any CPU
		{BE521F42-861F-4EF8-8D26-1DD604C7B4FD}.Debug|Any CPU.Build.0 = Debug|Any CPU
		{BE521F42-861F-4EF8-8D26-1DD604C7B4FD}.Release|Any CPU.ActiveCfg = Release|Any CPU
		{BE521F42-861F-4EF8-8D26-1DD604C7B4FD}.Release|Any CPU.Build.0 = Release|Any CPU
		{22BD5CF1-F41C-458D-A75C-1F10912C23CA}.Debug|Any CPU.ActiveCfg = Debug|Any CPU
		{22BD5CF1-F41C-458D-A75C-1F10912C23CA}.Debug|Any CPU.Build.0 = Debug|Any CPU
		{22BD5CF1-F41C-458D-A75C-1F10912C23CA}.Release|Any CPU.ActiveCfg = Release|Any CPU
		{22BD5CF1-F41C-458D-A75C-1F10912C23CA}.Release|Any CPU.Build.0 = Release|Any CPU
		{DBE14212-CC26-4CE2-B62F-CA7468BFF762}.Debug|Any CPU.ActiveCfg = Debug|Any CPU
		{DBE14212-CC26-4CE2-B62F-CA7468BFF762}.Debug|Any CPU.Build.0 = Debug|Any CPU
		{DBE14212-CC26-4CE2-B62F-CA7468BFF762}.Release|Any CPU.ActiveCfg = Release|Any CPU
		{DBE14212-CC26-4CE2-B62F-CA7468BFF762}.Release|Any CPU.Build.0 = Release|Any CPU
	EndGlobalSection
	GlobalSection(SolutionProperties) = preSolution
		HideSolutionNode = FALSE
	EndGlobalSection
	GlobalSection(ExtensibilityGlobals) = postSolution
		SolutionGuid = {9482DE72-4254-4F64-BC55-5556FD3F70B1}
	EndGlobalSection
EndGlobal
